<?xml version="1.0" encoding="utf-8"?>
<Project ToolsVersion="4.0" xmlns="http://schemas.microsoft.com/developer/msbuild/2003">
  <ItemGroup>
    <ClCompile Include="src\SandboxApp.cpp" />
  </ItemGroup>
  <ItemGroup>
    <None Include="assets\shaders\defaultFlat.glsl" />
    <None Include="assets\shaders\defaultMultisampled.glsl" />
    <None Include="assets\shaders\debugNormal.glsl" />
    <None Include="assets\shaders\debugPosition.glsl" />
    <None Include="assets\shaders\skybox.glsl" />
    <None Include="assets\shaders\defaultTexture.glsl" />
    <None Include="assets\shaders\default.glsl" />
  </ItemGroup>
</Project>