<?xml version="1.0" encoding="utf-8"?>
<Project ToolsVersion="4.0" xmlns="http://schemas.microsoft.com/developer/msbuild/2003">
  <ItemGroup>
    <ClCompile Include="src\Game\EntryPoint.cpp" />
    <ClCompile Include="src\World\Chunk.cpp" />
    <ClCompile Include="src\World\World.cpp" />
    <ClCompile Include="src\Entity\Player.cpp" />
    <ClCompile Include="src\Rendering\Renderer.cpp" />
    <ClCompile Include="src\Game\PlayerController.cpp" />
    <ClCompile Include="src\World\ChunkLoader.cpp" />
    <ClCompile Include="src\Blocks\Block.cpp" />
    <ClCompile Include="src\Game\Resources.cpp" />
    <ClCompile Include="src\World\WorldArea.cpp" />
    <ClCompile Include="src\World\WorldMap.cpp" />
    <ClCompile Include="src\Utils\Position.cpp" />
    <ClCompile Include="src\Rendering\ChunkMesh.cpp" />
    <ClCompile Include="src\Game\Hitbox.cpp" />
    <ClCompile Include="src\Blocks\BlockProperties.cpp" />
  </ItemGroup>
  <ItemGroup>
    <ClInclude Include="src\World\Chunk.h" />
    <ClInclude Include="src\World\World.h" />
    <ClInclude Include="src\Entity\Player.h" />
    <ClInclude Include="src\Rendering\Renderer.h" />
    <ClInclude Include="src\Game\PlayerController.h" />
    <ClInclude Include="src\Blocks\Block.h" />
    <ClInclude Include="src\World\ChunkLoader.h" />
    <ClInclude Include="src\Game\Collision.h" />
    <ClInclude Include="src\Blocks\BlockProperties.h" />
    <ClInclude Include="src\Game\Resources.h" />
    <ClInclude Include="src\World\WorldArea.h" />
    <ClInclude Include="src\World\WorldMap.h" />
    <ClInclude Include="src\Utils\Position.h" />
    <ClInclude Include="src\Game\Models.h" />
    <ClInclude Include="src\Rendering\MeshProperties.h" />
    <ClInclude Include="src\Rendering\Vertex.h" />
    <ClInclude Include="src\Rendering\ChunkMesh.h" />
    <ClInclude Include="src\Game\Hitbox.h" />
    <ClInclude Include="src\World\ChunkIdentifier.h" />
    <ClInclude Include="src\Components\GravityComponent.h" />
    <ClInclude Include="src\World\SubChunk.h" />
  </ItemGroup>
  <ItemGroup>
    <None Include="assets\shaders\crosshair.glsl" />
  </ItemGroup>
</Project>