<?xml version="1.0" encoding="utf-8"?>
<Project ToolsVersion="4.0" xmlns="http://schemas.microsoft.com/developer/msbuild/2003">
  <ItemGroup>
    <ClCompile Include="src\EntryPoint.cpp" />
    <ClCompile Include="src\Chunk.cpp" />
    <ClCompile Include="src\World.cpp" />
  </ItemGroup>
  <ItemGroup>
    <ClInclude Include="src\Chunk.h" />
    <ClInclude Include="src\Block.h" />
    <ClInclude Include="src\World.h" />
  </ItemGroup>
  <ItemGroup>
    <None Include="assets\shaders\debugNormal.glsl" />
  </ItemGroup>
</Project>