<?xml version="1.0" encoding="utf-8"?>
<Project ToolsVersion="4.0" xmlns="http://schemas.microsoft.com/developer/msbuild/2003">
  <ItemGroup>
    <Filter Include="src">
      <UniqueIdentifier>{2DAB880B-99B4-887C-2230-9F7C8E38947C}</UniqueIdentifier>
    </Filter>
    <Filter Include="src\Platform">
      <UniqueIdentifier>{21CA02E5-0D2D-9289-B6B2-CA3FA2F45D0C}</UniqueIdentifier>
    </Filter>
    <Filter Include="src\Platform\GLFW">
      <UniqueIdentifier>{0002C6D8-6C18-C46E-B58F-4F9021E594F6}</UniqueIdentifier>
    </Filter>
    <Filter Include="src\Platform\OpenGL">
      <UniqueIdentifier>{35A49437-A105-7245-2A73-B8F796D3A804}</UniqueIdentifier>
    </Filter>
    <Filter Include="src\Quark">
      <UniqueIdentifier>{60A3B7B3-CC0D-6C2A-154C-1DD081F5497F}</UniqueIdentifier>
    </Filter>
    <Filter Include="src\Quark\Animation">
      <UniqueIdentifier>{4F14787C-BB75-558A-44E3-9B3CB0438C49}</UniqueIdentifier>
    </Filter>
    <Filter Include="src\Quark\Audio">
      <UniqueIdentifier>{6139F905-CDC4-66CA-D6D5-E9BE42E0C2CA}</UniqueIdentifier>
    </Filter>
    <Filter Include="src\Quark\Core">
      <UniqueIdentifier>{B8E35DBA-A4B1-51C0-8D45-C2E679B22D25}</UniqueIdentifier>
    </Filter>
    <Filter Include="src\Quark\Events">
      <UniqueIdentifier>{44C387CE-30BC-A620-59EE-8BA54546862C}</UniqueIdentifier>
    </Filter>
    <Filter Include="src\Quark\Profiling">
      <UniqueIdentifier>{D9B7DFBE-4519-BDCC-CE86-037F3AE7F38B}</UniqueIdentifier>
    </Filter>
    <Filter Include="src\Quark\Renderer">
      <UniqueIdentifier>{06B38086-F296-41DC-5BF7-3B2F47FA2B5E}</UniqueIdentifier>
    </Filter>
    <Filter Include="src\Quark\Scene">
      <UniqueIdentifier>{7D183507-E9A3-A2CB-F2B4-25C05EBFFECB}</UniqueIdentifier>
    </Filter>
    <Filter Include="src\Quark\Tools">
      <UniqueIdentifier>{E0EF4D07-4C7B-BBCB-558C-3EC0C19617CC}</UniqueIdentifier>
    </Filter>
    <Filter Include="src\Quark\UI">
      <UniqueIdentifier>{8D3AEE85-799D-7D2A-2223-B6E00E6549AD}</UniqueIdentifier>
    </Filter>
    <Filter Include="vendor">
      <UniqueIdentifier>{B3738122-9F15-ACF8-88D0-BF4C74113349}</UniqueIdentifier>
    </Filter>
    <Filter Include="vendor\glad">
      <UniqueIdentifier>{9A8E79C1-0644-F2B6-8F38-EC8DFBECE8BA}</UniqueIdentifier>
    </Filter>
    <Filter Include="vendor\glad\include">
      <UniqueIdentifier>{0DB0903E-7911-6E4C-027F-B4FE6EDFA40B}</UniqueIdentifier>
    </Filter>
    <Filter Include="vendor\glad\include\KHR">
      <UniqueIdentifier>{01FD6E78-6D34-B70F-763E-1B33E2F4DD08}</UniqueIdentifier>
    </Filter>
    <Filter Include="vendor\glad\include\glad">
      <UniqueIdentifier>{34935E86-20B8-AD06-4903-93963587AC24}</UniqueIdentifier>
    </Filter>
    <Filter Include="vendor\glad\src">
      <UniqueIdentifier>{B1098FEA-1D95-FCAE-26A6-7FA392B058AF}</UniqueIdentifier>
    </Filter>
  </ItemGroup>
  <ItemGroup>
    <ClInclude Include="src\Platform\GLFW\GLFWWindow.h">
      <Filter>src\Platform\GLFW</Filter>
    </ClInclude>
    <ClInclude Include="src\Platform\OpenGL\OpenGLBuffer.h">
      <Filter>src\Platform\OpenGL</Filter>
    </ClInclude>
    <ClInclude Include="src\Platform\OpenGL\OpenGLCubeMap.h">
      <Filter>src\Platform\OpenGL</Filter>
    </ClInclude>
    <ClInclude Include="src\Platform\OpenGL\OpenGLFont.h">
      <Filter>src\Platform\OpenGL</Filter>
    </ClInclude>
    <ClInclude Include="src\Platform\OpenGL\OpenGLFramebuffer.h">
      <Filter>src\Platform\OpenGL</Filter>
    </ClInclude>
    <ClInclude Include="src\Platform\OpenGL\OpenGLGraphicsContext.h">
      <Filter>src\Platform\OpenGL</Filter>
    </ClInclude>
    <ClInclude Include="src\Platform\OpenGL\OpenGLRenderingAPI.h">
      <Filter>src\Platform\OpenGL</Filter>
    </ClInclude>
    <ClInclude Include="src\Platform\OpenGL\OpenGLShader.h">
      <Filter>src\Platform\OpenGL</Filter>
    </ClInclude>
    <ClInclude Include="src\Platform\OpenGL\OpenGLTexture.h">
      <Filter>src\Platform\OpenGL</Filter>
    </ClInclude>
    <ClInclude Include="src\Platform\OpenGL\OpenGLTextureArray.h">
      <Filter>src\Platform\OpenGL</Filter>
    </ClInclude>
    <ClInclude Include="src\Platform\OpenGL\OpenGLTextureFormats.h">
      <Filter>src\Platform\OpenGL</Filter>
    </ClInclude>
    <ClInclude Include="src\Platform\OpenGL\OpenGLVertexArray.h">
      <Filter>src\Platform\OpenGL</Filter>
    </ClInclude>
    <ClInclude Include="src\Quark.h">
      <Filter>src</Filter>
    </ClInclude>
    <ClInclude Include="src\Quark\Animation\SpriteAnimator.h">
      <Filter>src\Quark\Animation</Filter>
    </ClInclude>
    <ClInclude Include="src\Quark\Audio\AudioEngine.h">
      <Filter>src\Quark\Audio</Filter>
    </ClInclude>
    <ClInclude Include="src\Quark\Core\Application.h">
      <Filter>src\Quark\Core</Filter>
    </ClInclude>
    <ClInclude Include="src\Quark\Core\Core.h">
      <Filter>src\Quark\Core</Filter>
    </ClInclude>
    <ClInclude Include="src\Quark\Core\Input.h">
      <Filter>src\Quark\Core</Filter>
    </ClInclude>
    <ClInclude Include="src\Quark\Core\KeyCodes.h">
      <Filter>src\Quark\Core</Filter>
    </ClInclude>
    <ClInclude Include="src\Quark\Core\Logger.h">
      <Filter>src\Quark\Core</Filter>
    </ClInclude>
    <ClInclude Include="src\Quark\Core\MouseCodes.h">
      <Filter>src\Quark\Core</Filter>
    </ClInclude>
    <ClInclude Include="src\Quark\Core\Platform.h">
      <Filter>src\Quark\Core</Filter>
    </ClInclude>
    <ClInclude Include="src\Quark\Core\Window.h">
      <Filter>src\Quark\Core</Filter>
    </ClInclude>
    <ClInclude Include="src\Quark\Events\ApplicationEvent.h">
      <Filter>src\Quark\Events</Filter>
    </ClInclude>
    <ClInclude Include="src\Quark\Events\Event.h">
      <Filter>src\Quark\Events</Filter>
    </ClInclude>
    <ClInclude Include="src\Quark\Events\KeyEvent.h">
      <Filter>src\Quark\Events</Filter>
    </ClInclude>
    <ClInclude Include="src\Quark\Events\MouseEvent.h">
      <Filter>src\Quark\Events</Filter>
    </ClInclude>
    <ClInclude Include="src\Quark\Profiling\Monitoring.h">
      <Filter>src\Quark\Profiling</Filter>
    </ClInclude>
    <ClInclude Include="src\Quark\Renderer\Buffer.h">
      <Filter>src\Quark\Renderer</Filter>
    </ClInclude>
    <ClInclude Include="src\Quark\Renderer\CubeMap.h">
      <Filter>src\Quark\Renderer</Filter>
    </ClInclude>
    <ClInclude Include="src\Quark\Renderer\DeferredObject.h">
      <Filter>src\Quark\Renderer</Filter>
    </ClInclude>
    <ClInclude Include="src\Quark\Renderer\DeferredObjectDeleter.h">
      <Filter>src\Quark\Renderer</Filter>
    </ClInclude>
    <ClInclude Include="src\Quark\Renderer\DeferredObjectManager.h">
      <Filter>src\Quark\Renderer</Filter>
    </ClInclude>
    <ClInclude Include="src\Quark\Renderer\Environment.h">
      <Filter>src\Quark\Renderer</Filter>
    </ClInclude>
    <ClInclude Include="src\Quark\Renderer\Font.h">
      <Filter>src\Quark\Renderer</Filter>
    </ClInclude>
    <ClInclude Include="src\Quark\Renderer\Framebuffer.h">
      <Filter>src\Quark\Renderer</Filter>
    </ClInclude>
    <ClInclude Include="src\Quark\Renderer\GraphicsContext.h">
      <Filter>src\Quark\Renderer</Filter>
    </ClInclude>
    <ClInclude Include="src\Quark\Renderer\Image.h">
      <Filter>src\Quark\Renderer</Filter>
    </ClInclude>
    <ClInclude Include="src\Quark\Renderer\Mesh.h">
      <Filter>src\Quark\Renderer</Filter>
    </ClInclude>
    <ClInclude Include="src\Quark\Renderer\OrthographicCamera.h">
      <Filter>src\Quark\Renderer</Filter>
    </ClInclude>
    <ClInclude Include="src\Quark\Renderer\OrthographicCameraController.h">
      <Filter>src\Quark\Renderer</Filter>
    </ClInclude>
    <ClInclude Include="src\Quark\Renderer\PerspectiveCamera.h">
      <Filter>src\Quark\Renderer</Filter>
    </ClInclude>
    <ClInclude Include="src\Quark\Renderer\PerspectiveCameraController.h">
      <Filter>src\Quark\Renderer</Filter>
    </ClInclude>
    <ClInclude Include="src\Quark\Renderer\RenderCommand.h">
      <Filter>src\Quark\Renderer</Filter>
    </ClInclude>
    <ClInclude Include="src\Quark\Renderer\Renderer.h">
      <Filter>src\Quark\Renderer</Filter>
    </ClInclude>
    <ClInclude Include="src\Quark\Renderer\RenderingAPI.h">
      <Filter>src\Quark\Renderer</Filter>
    </ClInclude>
    <ClInclude Include="src\Quark\Renderer\Shader.h">
      <Filter>src\Quark\Renderer</Filter>
    </ClInclude>
    <ClInclude Include="src\Quark\Renderer\SubTexture.h">
      <Filter>src\Quark\Renderer</Filter>
    </ClInclude>
    <ClInclude Include="src\Quark\Renderer\Texture.h">
      <Filter>src\Quark\Renderer</Filter>
    </ClInclude>
    <ClInclude Include="src\Quark\Renderer\TextureArray.h">
      <Filter>src\Quark\Renderer</Filter>
    </ClInclude>
    <ClInclude Include="src\Quark\Renderer\TextureFormats.h">
      <Filter>src\Quark\Renderer</Filter>
    </ClInclude>
    <ClInclude Include="src\Quark\Renderer\VertexArray.h">
      <Filter>src\Quark\Renderer</Filter>
    </ClInclude>
    <ClInclude Include="src\Quark\Scene\Components.h">
      <Filter>src\Quark\Scene</Filter>
    </ClInclude>
    <ClInclude Include="src\Quark\Scene\Entity.h">
      <Filter>src\Quark\Scene</Filter>
    </ClInclude>
    <ClInclude Include="src\Quark\Scene\Scene.h">
      <Filter>src\Quark\Scene</Filter>
    </ClInclude>
    <ClInclude Include="src\Quark\Tools\Colorimetry.h">
      <Filter>src\Quark\Tools</Filter>
    </ClInclude>
    <ClInclude Include="src\Quark\Tools\EasingCurves.h">
      <Filter>src\Quark\Tools</Filter>
    </ClInclude>
    <ClInclude Include="src\Quark\Tools\LogUtils.h">
      <Filter>src\Quark\Tools</Filter>
    </ClInclude>
    <ClInclude Include="src\Quark\Tools\Noise.h">
      <Filter>src\Quark\Tools</Filter>
    </ClInclude>
    <ClInclude Include="src\Quark\UI\Canvas.h">
      <Filter>src\Quark\UI</Filter>
    </ClInclude>
    <ClInclude Include="src\Quark\UI\Text.h">
      <Filter>src\Quark\UI</Filter>
    </ClInclude>
    <ClInclude Include="src\Quark\UI\UIElement.h">
      <Filter>src\Quark\UI</Filter>
    </ClInclude>
    <ClInclude Include="vendor\glad\include\KHR\khrplatform.h">
      <Filter>vendor\glad\include\KHR</Filter>
    </ClInclude>
    <ClInclude Include="vendor\glad\include\glad\glad.h">
      <Filter>vendor\glad\include\glad</Filter>
    </ClInclude>
  </ItemGroup>
  <ItemGroup>
    <ClCompile Include="src\Platform\GLFW\GLFWWindow.cpp">
      <Filter>src\Platform\GLFW</Filter>
    </ClCompile>
    <ClCompile Include="src\Platform\OpenGL\OpenGLBuffer.cpp">
      <Filter>src\Platform\OpenGL</Filter>
    </ClCompile>
    <ClCompile Include="src\Platform\OpenGL\OpenGLCubeMap.cpp">
      <Filter>src\Platform\OpenGL</Filter>
    </ClCompile>
    <ClCompile Include="src\Platform\OpenGL\OpenGLFont.cpp">
      <Filter>src\Platform\OpenGL</Filter>
    </ClCompile>
    <ClCompile Include="src\Platform\OpenGL\OpenGLFramebuffer.cpp">
      <Filter>src\Platform\OpenGL</Filter>
    </ClCompile>
    <ClCompile Include="src\Platform\OpenGL\OpenGLGraphicsContext.cpp">
      <Filter>src\Platform\OpenGL</Filter>
    </ClCompile>
    <ClCompile Include="src\Platform\OpenGL\OpenGLRenderingAPI.cpp">
      <Filter>src\Platform\OpenGL</Filter>
    </ClCompile>
    <ClCompile Include="src\Platform\OpenGL\OpenGLShader.cpp">
      <Filter>src\Platform\OpenGL</Filter>
    </ClCompile>
    <ClCompile Include="src\Platform\OpenGL\OpenGLTexture.cpp">
      <Filter>src\Platform\OpenGL</Filter>
    </ClCompile>
    <ClCompile Include="src\Platform\OpenGL\OpenGLTextureArray.cpp">
      <Filter>src\Platform\OpenGL</Filter>
    </ClCompile>
    <ClCompile Include="src\Platform\OpenGL\OpenGLVertexArray.cpp">
      <Filter>src\Platform\OpenGL</Filter>
    </ClCompile>
    <ClCompile Include="src\Quark\Animation\SpriteAnimator.cpp">
      <Filter>src\Quark\Animation</Filter>
    </ClCompile>
    <ClCompile Include="src\Quark\Audio\AudioEngine.cpp">
      <Filter>src\Quark\Audio</Filter>
    </ClCompile>
    <ClCompile Include="src\Quark\Core\Application.cpp">
      <Filter>src\Quark\Core</Filter>
    </ClCompile>
    <ClCompile Include="src\Quark\Core\Input.cpp">
      <Filter>src\Quark\Core</Filter>
    </ClCompile>
    <ClCompile Include="src\Quark\Core\Window.cpp">
      <Filter>src\Quark\Core</Filter>
    </ClCompile>
    <ClCompile Include="src\Quark\Profiling\Monitoring.cpp">
      <Filter>src\Quark\Profiling</Filter>
    </ClCompile>
    <ClCompile Include="src\Quark\Renderer\Buffer.cpp">
      <Filter>src\Quark\Renderer</Filter>
    </ClCompile>
    <ClCompile Include="src\Quark\Renderer\CubeMap.cpp">
      <Filter>src\Quark\Renderer</Filter>
    </ClCompile>
    <ClCompile Include="src\Quark\Renderer\DeferredObjectManager.cpp">
      <Filter>src\Quark\Renderer</Filter>
    </ClCompile>
    <ClCompile Include="src\Quark\Renderer\Environment.cpp">
      <Filter>src\Quark\Renderer</Filter>
    </ClCompile>
    <ClCompile Include="src\Quark\Renderer\Font.cpp">
      <Filter>src\Quark\Renderer</Filter>
    </ClCompile>
    <ClCompile Include="src\Quark\Renderer\Framebuffer.cpp">
      <Filter>src\Quark\Renderer</Filter>
    </ClCompile>
    <ClCompile Include="src\Quark\Renderer\GraphicsContext.cpp">
      <Filter>src\Quark\Renderer</Filter>
    </ClCompile>
    <ClCompile Include="src\Quark\Renderer\Image.cpp">
      <Filter>src\Quark\Renderer</Filter>
    </ClCompile>
    <ClCompile Include="src\Quark\Renderer\Mesh.cpp">
      <Filter>src\Quark\Renderer</Filter>
    </ClCompile>
    <ClCompile Include="src\Quark\Renderer\OrthographicCamera.cpp">
      <Filter>src\Quark\Renderer</Filter>
    </ClCompile>
    <ClCompile Include="src\Quark\Renderer\OrthographicCameraController.cpp">
      <Filter>src\Quark\Renderer</Filter>
    </ClCompile>
    <ClCompile Include="src\Quark\Renderer\PerspectiveCamera.cpp">
      <Filter>src\Quark\Renderer</Filter>
    </ClCompile>
    <ClCompile Include="src\Quark\Renderer\PerspectiveCameraController.cpp">
      <Filter>src\Quark\Renderer</Filter>
    </ClCompile>
    <ClCompile Include="src\Quark\Renderer\RenderCommand.cpp">
      <Filter>src\Quark\Renderer</Filter>
    </ClCompile>
    <ClCompile Include="src\Quark\Renderer\Renderer.cpp">
      <Filter>src\Quark\Renderer</Filter>
    </ClCompile>
    <ClCompile Include="src\Quark\Renderer\RenderingAPI.cpp">
      <Filter>src\Quark\Renderer</Filter>
    </ClCompile>
    <ClCompile Include="src\Quark\Renderer\Shader.cpp">
      <Filter>src\Quark\Renderer</Filter>
    </ClCompile>
    <ClCompile Include="src\Quark\Renderer\SubTexture.cpp">
      <Filter>src\Quark\Renderer</Filter>
    </ClCompile>
    <ClCompile Include="src\Quark\Renderer\Texture.cpp">
      <Filter>src\Quark\Renderer</Filter>
    </ClCompile>
    <ClCompile Include="src\Quark\Renderer\TextureArray.cpp">
      <Filter>src\Quark\Renderer</Filter>
    </ClCompile>
    <ClCompile Include="src\Quark\Renderer\VertexArray.cpp">
      <Filter>src\Quark\Renderer</Filter>
    </ClCompile>
    <ClCompile Include="src\Quark\Scene\Entity.cpp">
      <Filter>src\Quark\Scene</Filter>
    </ClCompile>
    <ClCompile Include="src\Quark\Scene\Scene.cpp">
      <Filter>src\Quark\Scene</Filter>
    </ClCompile>
    <ClCompile Include="src\Quark\Tools\Colorimetry.cpp">
      <Filter>src\Quark\Tools</Filter>
    </ClCompile>
    <ClCompile Include="src\Quark\Tools\EasingCurves.cpp">
      <Filter>src\Quark\Tools</Filter>
    </ClCompile>
    <ClCompile Include="src\Quark\Tools\Noise.cpp">
      <Filter>src\Quark\Tools</Filter>
    </ClCompile>
    <ClCompile Include="src\Quark\UI\Canvas.cpp">
      <Filter>src\Quark\UI</Filter>
    </ClCompile>
    <ClCompile Include="src\Quark\UI\Text.cpp">
      <Filter>src\Quark\UI</Filter>
    </ClCompile>
    <ClCompile Include="vendor\glad\src\glad.c">
      <Filter>vendor\glad\src</Filter>
    </ClCompile>
  </ItemGroup>
</Project>